
Microsoft Visual Studio Solution File, Format Version 12.00
# Visual Studio 14
VisualStudioVersion = 14.0.24720.0
MinimumVisualStudioVersion = 10.0.40219.1
Project("{FAE04EC0-301F-11D3-BF4B-00C04F79EFBC}") = "AngHenry-Hw2-BalanceCalculator", "AngHenry-Hw2-BalanceCalculator\AngHenry-Hw2-BalanceCalculator.csproj", "{CFC2CE8A-2CE6-43A6-806D-A075B68E0D45}"
EndProject
Global
	GlobalSection(SolutionConfigurationPlatforms) = preSolution
		Debug|Any CPU = Debug|Any CPU
		Release|Any CPU = Release|Any CPU
	EndGlobalSection
	GlobalSection(ProjectConfigurationPlatforms) = postSolution
		{CFC2CE8A-2CE6-43A6-806D-A075B68E0D45}.Debug|Any CPU.ActiveCfg = Debug|Any CPU
		{CFC2CE8A-2CE6-43A6-806D-A075B68E0D45}.Debug|Any CPU.Build.0 = Debug|Any CPU
		{CFC2CE8A-2CE6-43A6-806D-A075B68E0D45}.Release|Any CPU.ActiveCfg = Release|Any CPU
		{CFC2CE8A-2CE6-43A6-806D-A075B68E0D45}.Release|Any CPU.Build.0 = Release|Any CPU
	EndGlobalSection
	GlobalSection(SolutionProperties) = preSolution
		HideSolutionNode = FALSE
	EndGlobalSection
EndGlobal
